// !$*UTF8*$!
{
	archiveVersion = 1;
	classes = {
	};
	objectVersion = 55;
	objects = {

/* Begin PBXBuildFile section */
		2317C98827FE56EB0032CFD0 /* AccueilViewController.swift in Sources */ = {isa = PBXBuildFile; fileRef = 2317C98727FE56EB0032CFD0 /* AccueilViewController.swift */; };
		2317C98A27FE56FA0032CFD0 /* SignUpViewController.swift in Sources */ = {isa = PBXBuildFile; fileRef = 2317C98927FE56FA0032CFD0 /* SignUpViewController.swift */; };
		23AAC28A280382C200726C67 /* DishResto.swift in Sources */ = {isa = PBXBuildFile; fileRef = 23AAC289280382C200726C67 /* DishResto.swift */; };
		23AAC28D280385F500726C67 /* String+Extension.swift in Sources */ = {isa = PBXBuildFile; fileRef = 23AAC28C280385F500726C67 /* String+Extension.swift */; };
		23AAC291280396EC00726C67 /* RestoCollectionViewCell.swift in Sources */ = {isa = PBXBuildFile; fileRef = 23AAC28F280396EC00726C67 /* RestoCollectionViewCell.swift */; };
		23AAC2A328039A2300726C67 /* CardView.swift in Sources */ = {isa = PBXBuildFile; fileRef = 23AAC2A228039A2300726C67 /* CardView.swift */; };
		23E860E32804E98D00F27BA9 /* QrViewController.swift in Sources */ = {isa = PBXBuildFile; fileRef = 23E860E22804E98D00F27BA9 /* QrViewController.swift */; };
		23E860E52804F66400F27BA9 /* WebViewController.swift in Sources */ = {isa = PBXBuildFile; fileRef = 23E860E42804F66400F27BA9 /* WebViewController.swift */; };
		44B3BB3427FECF9D00EBB959 /* ForgotPwdViewController.swift in Sources */ = {isa = PBXBuildFile; fileRef = 44B3BB3327FECF9D00EBB959 /* ForgotPwdViewController.swift */; };
		8852B45927FE45F200CF2BFF /* AppDelegate.swift in Sources */ = {isa = PBXBuildFile; fileRef = 8852B45827FE45F200CF2BFF /* AppDelegate.swift */; };
		8852B45B27FE45F200CF2BFF /* SceneDelegate.swift in Sources */ = {isa = PBXBuildFile; fileRef = 8852B45A27FE45F200CF2BFF /* SceneDelegate.swift */; };
		8852B45D27FE45F200CF2BFF /* ViewController.swift in Sources */ = {isa = PBXBuildFile; fileRef = 8852B45C27FE45F200CF2BFF /* ViewController.swift */; };
		8852B46027FE45F200CF2BFF /* Main.storyboard in Resources */ = {isa = PBXBuildFile; fileRef = 8852B45E27FE45F200CF2BFF /* Main.storyboard */; };
		8852B46327FE45F200CF2BFF /* miniprojet.xcdatamodeld in Sources */ = {isa = PBXBuildFile; fileRef = 8852B46127FE45F200CF2BFF /* miniprojet.xcdatamodeld */; };
		8852B46527FE45F500CF2BFF /* Assets.xcassets in Resources */ = {isa = PBXBuildFile; fileRef = 8852B46427FE45F500CF2BFF /* Assets.xcassets */; };
		8852B46827FE45F500CF2BFF /* LaunchScreen.storyboard in Resources */ = {isa = PBXBuildFile; fileRef = 8852B46627FE45F500CF2BFF /* LaunchScreen.storyboard */; };
		97C3A0843FCE665D4F3B7553 /* Pods_miniprojet.framework in Frameworks */ = {isa = PBXBuildFile; fileRef = EC3BB27E46BA94EA957D447B /* Pods_miniprojet.framework */; };
		A81BF6B3280B6F55004480DD /* constants.swift in Sources */ = {isa = PBXBuildFile; fileRef = A81BF6B2280B6F55004480DD /* constants.swift */; };
		A81BF6B6280B7089004480DD /* ApiManager.swift in Sources */ = {isa = PBXBuildFile; fileRef = A81BF6B5280B7089004480DD /* ApiManager.swift */; };
		A81FF2AF28177C8A00F77663 /* ProfileViewController.swift in Sources */ = {isa = PBXBuildFile; fileRef = A81FF2AE28177C8A00F77663 /* ProfileViewController.swift */; };
		A8512127281AC485004E573F /* MapViewController.swift in Sources */ = {isa = PBXBuildFile; fileRef = A8512126281AC485004E573F /* MapViewController.swift */; };
		A875EA962818BE6500677685 /* StaticClass.swift in Sources */ = {isa = PBXBuildFile; fileRef = A875EA952818BE6500677685 /* StaticClass.swift */; };
		A875EA982818BEFC00677685 /* DetailRestauViewController.swift in Sources */ = {isa = PBXBuildFile; fileRef = A875EA972818BEFC00677685 /* DetailRestauViewController.swift */; };
		A87F6224281829C400A71E75 /* CircularTransition.swift in Sources */ = {isa = PBXBuildFile; fileRef = A87F6223281829C400A71E75 /* CircularTransition.swift */; };
		A8ABEB79281D85310097913F /* UpdateProfileViewController.swift in Sources */ = {isa = PBXBuildFile; fileRef = A8ABEB78281D85310097913F /* UpdateProfileViewController.swift */; };
		A8ABEB7B281DF2770097913F /* HSUnderLineTextField.swift in Sources */ = {isa = PBXBuildFile; fileRef = A8ABEB7A281DF2770097913F /* HSUnderLineTextField.swift */; };
		A8D53F972809A9290007BF1D /* UserModel.swift in Sources */ = {isa = PBXBuildFile; fileRef = A8D53F962809A9290007BF1D /* UserModel.swift */; };
		A8D53F9A2809A9750007BF1D /* gradient.swift in Sources */ = {isa = PBXBuildFile; fileRef = A8D53F992809A9750007BF1D /* gradient.swift */; };
		A8D53F9C2809A9D40007BF1D /* Colors.swift in Sources */ = {isa = PBXBuildFile; fileRef = A8D53F9B2809A9D40007BF1D /* Colors.swift */; };
		A8D896232812EFEF0072D94F /* ResetPasswordViewController.swift in Sources */ = {isa = PBXBuildFile; fileRef = A8D896222812EFEF0072D94F /* ResetPasswordViewController.swift */; };
		A8F11D7D2817C0B200E35197 /* responseModel.swift in Sources */ = {isa = PBXBuildFile; fileRef = A8F11D7C2817C0B200E35197 /* responseModel.swift */; };
		A8FF17032818B687005EA43D /* AccueilViewModel.swift in Sources */ = {isa = PBXBuildFile; fileRef = A8FF17022818B687005EA43D /* AccueilViewModel.swift */; };
		A8FF17052818B6A7005EA43D /* RatingViewModel.swift in Sources */ = {isa = PBXBuildFile; fileRef = A8FF17042818B6A7005EA43D /* RatingViewModel.swift */; };
		A8FF17072818B7D4005EA43D /* CategoryCollectionViewCell.swift in Sources */ = {isa = PBXBuildFile; fileRef = A8FF17062818B7D4005EA43D /* CategoryCollectionViewCell.swift */; };
		A8FF17092818B817005EA43D /* Extensions.swift in Sources */ = {isa = PBXBuildFile; fileRef = A8FF17082818B817005EA43D /* Extensions.swift */; };
		A8FF170D2818BBE8005EA43D /* RatingController.swift in Sources */ = {isa = PBXBuildFile; fileRef = A8FF170C2818BBE8005EA43D /* RatingController.swift */; };
		A8FF170F2818BC44005EA43D /* AllDishCollectionViewCollectionViewCell.swift in Sources */ = {isa = PBXBuildFile; fileRef = A8FF170E2818BC44005EA43D /* AllDishCollectionViewCollectionViewCell.swift */; };
		A8FF17112818BD56005EA43D /* AllDIshCollectionViewCell.xib in Resources */ = {isa = PBXBuildFile; fileRef = A8FF17102818BD56005EA43D /* AllDIshCollectionViewCell.xib */; };
		A8FF17132818BD61005EA43D /* RestoCollectionViewCell.xib in Resources */ = {isa = PBXBuildFile; fileRef = A8FF17122818BD61005EA43D /* RestoCollectionViewCell.xib */; };
		A8FF17152818BD69005EA43D /* CategoryCollectionViewCell.xib in Resources */ = {isa = PBXBuildFile; fileRef = A8FF17142818BD69005EA43D /* CategoryCollectionViewCell.xib */; };
		A8FF17172818BDB0005EA43D /* AllDishTableViewCell.swift in Sources */ = {isa = PBXBuildFile; fileRef = A8FF17162818BDB0005EA43D /* AllDishTableViewCell.swift */; };
/* End PBXBuildFile section */

/* Begin PBXFileReference section */
		2317C98727FE56EB0032CFD0 /* AccueilViewController.swift */ = {isa = PBXFileReference; lastKnownFileType = sourcecode.swift; path = AccueilViewController.swift; sourceTree = "<group>"; };
		2317C98927FE56FA0032CFD0 /* SignUpViewController.swift */ = {isa = PBXFileReference; lastKnownFileType = sourcecode.swift; path = SignUpViewController.swift; sourceTree = "<group>"; };
		23AAC289280382C200726C67 /* DishResto.swift */ = {isa = PBXFileReference; lastKnownFileType = sourcecode.swift; name = DishResto.swift; path = miniprojet/ViewController/CollectionViewCells/CategoryCollectionView/DishResto.swift; sourceTree = SOURCE_ROOT; };
		23AAC28C280385F500726C67 /* String+Extension.swift */ = {isa = PBXFileReference; lastKnownFileType = sourcecode.swift; path = "String+Extension.swift"; sourceTree = "<group>"; };
		23AAC28F280396EC00726C67 /* RestoCollectionViewCell.swift */ = {isa = PBXFileReference; lastKnownFileType = sourcecode.swift; path = RestoCollectionViewCell.swift; sourceTree = "<group>"; };
		23AAC2A228039A2300726C67 /* CardView.swift */ = {isa = PBXFileReference; lastKnownFileType = sourcecode.swift; path = CardView.swift; sourceTree = "<group>"; };
		23E860E22804E98D00F27BA9 /* QrViewController.swift */ = {isa = PBXFileReference; lastKnownFileType = sourcecode.swift; path = QrViewController.swift; sourceTree = "<group>"; };
		23E860E42804F66400F27BA9 /* WebViewController.swift */ = {isa = PBXFileReference; lastKnownFileType = sourcecode.swift; path = WebViewController.swift; sourceTree = "<group>"; };
		32B4F51A8983D35224564373 /* Pods-miniprojet.release.xcconfig */ = {isa = PBXFileReference; includeInIndex = 1; lastKnownFileType = text.xcconfig; name = "Pods-miniprojet.release.xcconfig"; path = "Target Support Files/Pods-miniprojet/Pods-miniprojet.release.xcconfig"; sourceTree = "<group>"; };
		386D7190709F14A0E14D7AFB /* Pods-miniprojet.debug.xcconfig */ = {isa = PBXFileReference; includeInIndex = 1; lastKnownFileType = text.xcconfig; name = "Pods-miniprojet.debug.xcconfig"; path = "Target Support Files/Pods-miniprojet/Pods-miniprojet.debug.xcconfig"; sourceTree = "<group>"; };
		44B3BB3327FECF9D00EBB959 /* ForgotPwdViewController.swift */ = {isa = PBXFileReference; lastKnownFileType = sourcecode.swift; path = ForgotPwdViewController.swift; sourceTree = "<group>"; };
		8852B45527FE45F200CF2BFF /* miniprojet.app */ = {isa = PBXFileReference; explicitFileType = wrapper.application; includeInIndex = 0; path = miniprojet.app; sourceTree = BUILT_PRODUCTS_DIR; };
		8852B45827FE45F200CF2BFF /* AppDelegate.swift */ = {isa = PBXFileReference; lastKnownFileType = sourcecode.swift; path = AppDelegate.swift; sourceTree = "<group>"; };
		8852B45A27FE45F200CF2BFF /* SceneDelegate.swift */ = {isa = PBXFileReference; lastKnownFileType = sourcecode.swift; path = SceneDelegate.swift; sourceTree = "<group>"; };
		8852B45C27FE45F200CF2BFF /* ViewController.swift */ = {isa = PBXFileReference; lastKnownFileType = sourcecode.swift; path = ViewController.swift; sourceTree = "<group>"; };
		8852B45F27FE45F200CF2BFF /* Base */ = {isa = PBXFileReference; lastKnownFileType = file.storyboard; name = Base; path = Base.lproj/Main.storyboard; sourceTree = "<group>"; };
		8852B46227FE45F200CF2BFF /* miniprojet.xcdatamodel */ = {isa = PBXFileReference; lastKnownFileType = wrapper.xcdatamodel; path = miniprojet.xcdatamodel; sourceTree = "<group>"; };
		8852B46427FE45F500CF2BFF /* Assets.xcassets */ = {isa = PBXFileReference; lastKnownFileType = folder.assetcatalog; path = Assets.xcassets; sourceTree = "<group>"; };
		8852B46727FE45F500CF2BFF /* Base */ = {isa = PBXFileReference; lastKnownFileType = file.storyboard; name = Base; path = Base.lproj/LaunchScreen.storyboard; sourceTree = "<group>"; };
		8852B46927FE45F500CF2BFF /* Info.plist */ = {isa = PBXFileReference; lastKnownFileType = text.plist.xml; path = Info.plist; sourceTree = "<group>"; };
		A81BF6B2280B6F55004480DD /* constants.swift */ = {isa = PBXFileReference; lastKnownFileType = sourcecode.swift; path = constants.swift; sourceTree = "<group>"; };
		A81BF6B5280B7089004480DD /* ApiManager.swift */ = {isa = PBXFileReference; lastKnownFileType = sourcecode.swift; path = ApiManager.swift; sourceTree = "<group>"; };
		A81FF2AE28177C8A00F77663 /* ProfileViewController.swift */ = {isa = PBXFileReference; lastKnownFileType = sourcecode.swift; path = ProfileViewController.swift; sourceTree = "<group>"; };
		A8512126281AC485004E573F /* MapViewController.swift */ = {isa = PBXFileReference; lastKnownFileType = sourcecode.swift; path = MapViewController.swift; sourceTree = "<group>"; };
		A875EA952818BE6500677685 /* StaticClass.swift */ = {isa = PBXFileReference; lastKnownFileType = sourcecode.swift; path = StaticClass.swift; sourceTree = "<group>"; };
		A875EA972818BEFC00677685 /* DetailRestauViewController.swift */ = {isa = PBXFileReference; lastKnownFileType = sourcecode.swift; path = DetailRestauViewController.swift; sourceTree = "<group>"; };
		A87F6223281829C400A71E75 /* CircularTransition.swift */ = {isa = PBXFileReference; lastKnownFileType = sourcecode.swift; path = CircularTransition.swift; sourceTree = "<group>"; };
		A88E07ED2811A1DD007006D5 /* miniprojetRelease.entitlements */ = {isa = PBXFileReference; lastKnownFileType = text.plist.entitlements; path = miniprojetRelease.entitlements; sourceTree = "<group>"; };
		A88F84C02809D0B500CA3F22 /* miniprojet.entitlements */ = {isa = PBXFileReference; lastKnownFileType = text.plist.entitlements; path = miniprojet.entitlements; sourceTree = "<group>"; };
		A8ABEB78281D85310097913F /* UpdateProfileViewController.swift */ = {isa = PBXFileReference; lastKnownFileType = sourcecode.swift; path = UpdateProfileViewController.swift; sourceTree = "<group>"; };
		A8ABEB7A281DF2770097913F /* HSUnderLineTextField.swift */ = {isa = PBXFileReference; lastKnownFileType = sourcecode.swift; path = HSUnderLineTextField.swift; sourceTree = "<group>"; };
		A8D53F962809A9290007BF1D /* UserModel.swift */ = {isa = PBXFileReference; lastKnownFileType = sourcecode.swift; path = UserModel.swift; sourceTree = SOURCE_ROOT; };
		A8D53F992809A9750007BF1D /* gradient.swift */ = {isa = PBXFileReference; lastKnownFileType = sourcecode.swift; path = gradient.swift; sourceTree = "<group>"; };
		A8D53F9B2809A9D40007BF1D /* Colors.swift */ = {isa = PBXFileReference; lastKnownFileType = sourcecode.swift; path = Colors.swift; sourceTree = "<group>"; };
		A8D896222812EFEF0072D94F /* ResetPasswordViewController.swift */ = {isa = PBXFileReference; lastKnownFileType = sourcecode.swift; path = ResetPasswordViewController.swift; sourceTree = "<group>"; };
		A8F11D7C2817C0B200E35197 /* responseModel.swift */ = {isa = PBXFileReference; lastKnownFileType = sourcecode.swift; name = responseModel.swift; path = miniprojet/ViewController/responseModel.swift; sourceTree = SOURCE_ROOT; };
		A8FF17022818B687005EA43D /* AccueilViewModel.swift */ = {isa = PBXFileReference; lastKnownFileType = sourcecode.swift; path = AccueilViewModel.swift; sourceTree = "<group>"; };
		A8FF17042818B6A7005EA43D /* RatingViewModel.swift */ = {isa = PBXFileReference; lastKnownFileType = sourcecode.swift; path = RatingViewModel.swift; sourceTree = "<group>"; };
		A8FF17062818B7D4005EA43D /* CategoryCollectionViewCell.swift */ = {isa = PBXFileReference; lastKnownFileType = sourcecode.swift; path = CategoryCollectionViewCell.swift; sourceTree = "<group>"; };
		A8FF17082818B817005EA43D /* Extensions.swift */ = {isa = PBXFileReference; lastKnownFileType = sourcecode.swift; path = Extensions.swift; sourceTree = "<group>"; };
		A8FF170C2818BBE8005EA43D /* RatingController.swift */ = {isa = PBXFileReference; lastKnownFileType = sourcecode.swift; path = RatingController.swift; sourceTree = "<group>"; };
		A8FF170E2818BC44005EA43D /* AllDishCollectionViewCollectionViewCell.swift */ = {isa = PBXFileReference; lastKnownFileType = sourcecode.swift; path = AllDishCollectionViewCollectionViewCell.swift; sourceTree = "<group>"; };
		A8FF17102818BD56005EA43D /* AllDIshCollectionViewCell.xib */ = {isa = PBXFileReference; fileEncoding = 4; lastKnownFileType = file.xib; name = AllDIshCollectionViewCell.xib; path = miniprojet/ViewController/CollectionViewCells/AllDIshCollectionViewCell/AllDIshCollectionViewCell.xib; sourceTree = SOURCE_ROOT; };
		A8FF17122818BD61005EA43D /* RestoCollectionViewCell.xib */ = {isa = PBXFileReference; fileEncoding = 4; lastKnownFileType = file.xib; path = RestoCollectionViewCell.xib; sourceTree = "<group>"; };
		A8FF17142818BD69005EA43D /* CategoryCollectionViewCell.xib */ = {isa = PBXFileReference; fileEncoding = 4; lastKnownFileType = file.xib; path = CategoryCollectionViewCell.xib; sourceTree = "<group>"; };
		A8FF17162818BDB0005EA43D /* AllDishTableViewCell.swift */ = {isa = PBXFileReference; lastKnownFileType = sourcecode.swift; path = AllDishTableViewCell.swift; sourceTree = "<group>"; };
		EC3BB27E46BA94EA957D447B /* Pods_miniprojet.framework */ = {isa = PBXFileReference; explicitFileType = wrapper.framework; includeInIndex = 0; path = Pods_miniprojet.framework; sourceTree = BUILT_PRODUCTS_DIR; };
/* End PBXFileReference section */

/* Begin PBXFrameworksBuildPhase section */
		8852B45227FE45F100CF2BFF /* Frameworks */ = {
			isa = PBXFrameworksBuildPhase;
			buildActionMask = 2147483647;
			files = (
				97C3A0843FCE665D4F3B7553 /* Pods_miniprojet.framework in Frameworks */,
			);
			runOnlyForDeploymentPostprocessing = 0;
		};
/* End PBXFrameworksBuildPhase section */

/* Begin PBXGroup section */
		1471EB524F1CE8BA657FE7A6 /* Frameworks */ = {
			isa = PBXGroup;
			children = (
				EC3BB27E46BA94EA957D447B /* Pods_miniprojet.framework */,
			);
			name = Frameworks;
			sourceTree = "<group>";
		};
		2317C96C27FE55F50032CFD0 /* Models */ = {
			isa = PBXGroup;
			children = (
				23AAC289280382C200726C67 /* DishResto.swift */,
				A8D53F962809A9290007BF1D /* UserModel.swift */,
				A8F11D7C2817C0B200E35197 /* responseModel.swift */,
			);
			path = Models;
			sourceTree = "<group>";
		};
		2317C98527FE56560032CFD0 /* ViewController */ = {
			isa = PBXGroup;
			children = (
				23AAC28128037C3A00726C67 /* CollectionViewCells */,
				44B3BB3327FECF9D00EBB959 /* ForgotPwdViewController.swift */,
				2317C98727FE56EB0032CFD0 /* AccueilViewController.swift */,
				2317C98927FE56FA0032CFD0 /* SignUpViewController.swift */,
				23E860E22804E98D00F27BA9 /* QrViewController.swift */,
				23E860E42804F66400F27BA9 /* WebViewController.swift */,
				A8D896222812EFEF0072D94F /* ResetPasswordViewController.swift */,
				A81FF2AE28177C8A00F77663 /* ProfileViewController.swift */,
				A8FF170C2818BBE8005EA43D /* RatingController.swift */,
				A8FF17162818BDB0005EA43D /* AllDishTableViewCell.swift */,
				A875EA972818BEFC00677685 /* DetailRestauViewController.swift */,
				A8512126281AC485004E573F /* MapViewController.swift */,
				A8ABEB78281D85310097913F /* UpdateProfileViewController.swift */,
			);
			path = ViewController;
			sourceTree = "<group>";
		};
		2317C98627FE56630032CFD0 /* Services */ = {
			isa = PBXGroup;
			children = (
			);
			path = Services;
			sourceTree = "<group>";
		};
		23AAC28128037C3A00726C67 /* CollectionViewCells */ = {
			isa = PBXGroup;
			children = (
				A8955093281825D9009378C7 /* AllDishCollectionViewCell */,
				23AAC2A0280399F000726C67 /* CustomView */,
				23AAC28E280396D700726C67 /* RestoCollectionView */,
				23AAC28228037C5900726C67 /* CategoryCollectionView */,
			);
			path = CollectionViewCells;
			sourceTree = "<group>";
		};
		23AAC28228037C5900726C67 /* CategoryCollectionView */ = {
			isa = PBXGroup;
			children = (
				A8FF17142818BD69005EA43D /* CategoryCollectionViewCell.xib */,
				A8FF17062818B7D4005EA43D /* CategoryCollectionViewCell.swift */,
			);
			path = CategoryCollectionView;
			sourceTree = "<group>";
		};
		23AAC28B280385D900726C67 /* Extensions */ = {
			isa = PBXGroup;
			children = (
				23AAC28C280385F500726C67 /* String+Extension.swift */,
				A8FF17082818B817005EA43D /* Extensions.swift */,
			);
			path = Extensions;
			sourceTree = "<group>";
		};
		23AAC28E280396D700726C67 /* RestoCollectionView */ = {
			isa = PBXGroup;
			children = (
				A8FF17122818BD61005EA43D /* RestoCollectionViewCell.xib */,
				23AAC28F280396EC00726C67 /* RestoCollectionViewCell.swift */,
			);
			path = RestoCollectionView;
			sourceTree = "<group>";
		};
		23AAC2A0280399F000726C67 /* CustomView */ = {
			isa = PBXGroup;
			children = (
				23AAC2A128039A0400726C67 /* CardView */,
			);
			path = CustomView;
			sourceTree = "<group>";
		};
		23AAC2A128039A0400726C67 /* CardView */ = {
			isa = PBXGroup;
			children = (
				23AAC2A228039A2300726C67 /* CardView.swift */,
			);
			path = CardView;
			sourceTree = "<group>";
		};
		8852B44C27FE45F100CF2BFF = {
			isa = PBXGroup;
			children = (
				8852B45727FE45F200CF2BFF /* miniprojet */,
				8852B45627FE45F200CF2BFF /* Products */,
				E1DEC4ED5F9DFCE0BA975757 /* Pods */,
				1471EB524F1CE8BA657FE7A6 /* Frameworks */,
			);
			sourceTree = "<group>";
		};
		8852B45627FE45F200CF2BFF /* Products */ = {
			isa = PBXGroup;
			children = (
				8852B45527FE45F200CF2BFF /* miniprojet.app */,
			);
			name = Products;
			sourceTree = "<group>";
		};
		8852B45727FE45F200CF2BFF /* miniprojet */ = {
			isa = PBXGroup;
			children = (
				A895508E28182483009378C7 /* ViewModels */,
				A88E07ED2811A1DD007006D5 /* miniprojetRelease.entitlements */,
				A81BF6B4280B7067004480DD /* ApiManager */,
				A88F84C02809D0B500CA3F22 /* miniprojet.entitlements */,
				A8D53F982809A94F0007BF1D /* Utils */,
				23AAC28B280385D900726C67 /* Extensions */,
				2317C98627FE56630032CFD0 /* Services */,
				2317C98527FE56560032CFD0 /* ViewController */,
				2317C96C27FE55F50032CFD0 /* Models */,
				8852B45827FE45F200CF2BFF /* AppDelegate.swift */,
				8852B45A27FE45F200CF2BFF /* SceneDelegate.swift */,
				8852B45C27FE45F200CF2BFF /* ViewController.swift */,
				8852B45E27FE45F200CF2BFF /* Main.storyboard */,
				8852B46427FE45F500CF2BFF /* Assets.xcassets */,
				8852B46627FE45F500CF2BFF /* LaunchScreen.storyboard */,
				8852B46927FE45F500CF2BFF /* Info.plist */,
				8852B46127FE45F200CF2BFF /* miniprojet.xcdatamodeld */,
			);
			path = miniprojet;
			sourceTree = "<group>";
		};
		A81BF6B4280B7067004480DD /* ApiManager */ = {
			isa = PBXGroup;
			children = (
				A81BF6B5280B7089004480DD /* ApiManager.swift */,
			);
			path = ApiManager;
			sourceTree = "<group>";
		};
		A895508E28182483009378C7 /* ViewModels */ = {
			isa = PBXGroup;
			children = (
				A8FF17022818B687005EA43D /* AccueilViewModel.swift */,
				A8FF17042818B6A7005EA43D /* RatingViewModel.swift */,
			);
			path = ViewModels;
			sourceTree = "<group>";
		};
		A8955093281825D9009378C7 /* AllDishCollectionViewCell */ = {
			isa = PBXGroup;
			children = (
				A8FF17102818BD56005EA43D /* AllDIshCollectionViewCell.xib */,
				A8FF170E2818BC44005EA43D /* AllDishCollectionViewCollectionViewCell.swift */,
			);
			path = AllDishCollectionViewCell;
			sourceTree = "<group>";
		};
		A8D53F982809A94F0007BF1D /* Utils */ = {
			isa = PBXGroup;
			children = (
				A8D53F992809A9750007BF1D /* gradient.swift */,
				A8D53F9B2809A9D40007BF1D /* Colors.swift */,
				A81BF6B2280B6F55004480DD /* constants.swift */,
				A87F6223281829C400A71E75 /* CircularTransition.swift */,
				A875EA952818BE6500677685 /* StaticClass.swift */,
				A8ABEB7A281DF2770097913F /* HSUnderLineTextField.swift */,
			);
			path = Utils;
			sourceTree = "<group>";
		};
		E1DEC4ED5F9DFCE0BA975757 /* Pods */ = {
			isa = PBXGroup;
			children = (
				386D7190709F14A0E14D7AFB /* Pods-miniprojet.debug.xcconfig */,
				32B4F51A8983D35224564373 /* Pods-miniprojet.release.xcconfig */,
			);
			path = Pods;
			sourceTree = "<group>";
		};
/* End PBXGroup section */

/* Begin PBXNativeTarget section */
		8852B45427FE45F100CF2BFF /* miniprojet */ = {
			isa = PBXNativeTarget;
			buildConfigurationList = 8852B46C27FE45F500CF2BFF /* Build configuration list for PBXNativeTarget "miniprojet" */;
			buildPhases = (
				4E49DA00526ECF56758E5309 /* [CP] Check Pods Manifest.lock */,
				8852B45127FE45F100CF2BFF /* Sources */,
				8852B45227FE45F100CF2BFF /* Frameworks */,
				8852B45327FE45F100CF2BFF /* Resources */,
				4E18D5B3DF151A63EA9A2B7F /* [CP] Embed Pods Frameworks */,
			);
			buildRules = (
			);
			dependencies = (
			);
			name = miniprojet;
			productName = miniprojet;
			productReference = 8852B45527FE45F200CF2BFF /* miniprojet.app */;
			productType = "com.apple.product-type.application";
		};
/* End PBXNativeTarget section */

/* Begin PBXProject section */
		8852B44D27FE45F100CF2BFF /* Project object */ = {
			isa = PBXProject;
			attributes = {
				BuildIndependentTargetsInParallel = 1;
				LastSwiftUpdateCheck = 1310;
				LastUpgradeCheck = 1310;
				TargetAttributes = {
					8852B45427FE45F100CF2BFF = {
						CreatedOnToolsVersion = 13.1;
					};
				};
			};
			buildConfigurationList = 8852B45027FE45F100CF2BFF /* Build configuration list for PBXProject "miniprojet" */;
			compatibilityVersion = "Xcode 13.0";
			developmentRegion = en;
			hasScannedForEncodings = 0;
			knownRegions = (
				en,
				Base,
			);
			mainGroup = 8852B44C27FE45F100CF2BFF;
			productRefGroup = 8852B45627FE45F200CF2BFF /* Products */;
			projectDirPath = "";
			projectRoot = "";
			targets = (
				8852B45427FE45F100CF2BFF /* miniprojet */,
			);
		};
/* End PBXProject section */

/* Begin PBXResourcesBuildPhase section */
		8852B45327FE45F100CF2BFF /* Resources */ = {
			isa = PBXResourcesBuildPhase;
			buildActionMask = 2147483647;
			files = (
				A8FF17152818BD69005EA43D /* CategoryCollectionViewCell.xib in Resources */,
				8852B46827FE45F500CF2BFF /* LaunchScreen.storyboard in Resources */,
				A8FF17132818BD61005EA43D /* RestoCollectionViewCell.xib in Resources */,
				8852B46527FE45F500CF2BFF /* Assets.xcassets in Resources */,
				A8FF17112818BD56005EA43D /* AllDIshCollectionViewCell.xib in Resources */,
				8852B46027FE45F200CF2BFF /* Main.storyboard in Resources */,
			);
			runOnlyForDeploymentPostprocessing = 0;
		};
/* End PBXResourcesBuildPhase section */

/* Begin PBXShellScriptBuildPhase section */
		4E18D5B3DF151A63EA9A2B7F /* [CP] Embed Pods Frameworks */ = {
			isa = PBXShellScriptBuildPhase;
			buildActionMask = 2147483647;
			files = (
			);
			inputFileListPaths = (
				"${PODS_ROOT}/Target Support Files/Pods-miniprojet/Pods-miniprojet-frameworks-${CONFIGURATION}-input-files.xcfilelist",
			);
			name = "[CP] Embed Pods Frameworks";
			outputFileListPaths = (
				"${PODS_ROOT}/Target Support Files/Pods-miniprojet/Pods-miniprojet-frameworks-${CONFIGURATION}-output-files.xcfilelist",
			);
			runOnlyForDeploymentPostprocessing = 0;
			shellPath = /bin/sh;
			shellScript = "\"${PODS_ROOT}/Target Support Files/Pods-miniprojet/Pods-miniprojet-frameworks.sh\"\n";
			showEnvVarsInLog = 0;
		};
		4E49DA00526ECF56758E5309 /* [CP] Check Pods Manifest.lock */ = {
			isa = PBXShellScriptBuildPhase;
			buildActionMask = 2147483647;
			files = (
			);
			inputFileListPaths = (
			);
			inputPaths = (
				"${PODS_PODFILE_DIR_PATH}/Podfile.lock",
				"${PODS_ROOT}/Manifest.lock",
			);
			name = "[CP] Check Pods Manifest.lock";
			outputFileListPaths = (
			);
			outputPaths = (
				"$(DERIVED_FILE_DIR)/Pods-miniprojet-checkManifestLockResult.txt",
			);
			runOnlyForDeploymentPostprocessing = 0;
			shellPath = /bin/sh;
			shellScript = "diff \"${PODS_PODFILE_DIR_PATH}/Podfile.lock\" \"${PODS_ROOT}/Manifest.lock\" > /dev/null\nif [ $? != 0 ] ; then\n    # print error to STDERR\n    echo \"error: The sandbox is not in sync with the Podfile.lock. Run 'pod install' or update your CocoaPods installation.\" >&2\n    exit 1\nfi\n# This output is used by Xcode 'outputs' to avoid re-running this script phase.\necho \"SUCCESS\" > \"${SCRIPT_OUTPUT_FILE_0}\"\n";
			showEnvVarsInLog = 0;
		};
/* End PBXShellScriptBuildPhase section */

/* Begin PBXSourcesBuildPhase section */
		8852B45127FE45F100CF2BFF /* Sources */ = {
			isa = PBXSourcesBuildPhase;
			buildActionMask = 2147483647;
			files = (
				2317C98A27FE56FA0032CFD0 /* SignUpViewController.swift in Sources */,
				23AAC28A280382C200726C67 /* DishResto.swift in Sources */,
				A8FF170D2818BBE8005EA43D /* RatingController.swift in Sources */,
				A8ABEB79281D85310097913F /* UpdateProfileViewController.swift in Sources */,
				A8D53F9C2809A9D40007BF1D /* Colors.swift in Sources */,
				2317C98827FE56EB0032CFD0 /* AccueilViewController.swift in Sources */,
				A81FF2AF28177C8A00F77663 /* ProfileViewController.swift in Sources */,
				8852B46327FE45F200CF2BFF /* miniprojet.xcdatamodeld in Sources */,
				A8FF17172818BDB0005EA43D /* AllDishTableViewCell.swift in Sources */,
				A875EA962818BE6500677685 /* StaticClass.swift in Sources */,
				A8FF17092818B817005EA43D /* Extensions.swift in Sources */,
				8852B45D27FE45F200CF2BFF /* ViewController.swift in Sources */,
				8852B45927FE45F200CF2BFF /* AppDelegate.swift in Sources */,
				A8D53F9A2809A9750007BF1D /* gradient.swift in Sources */,
				A8FF170F2818BC44005EA43D /* AllDishCollectionViewCollectionViewCell.swift in Sources */,
				23AAC291280396EC00726C67 /* RestoCollectionViewCell.swift in Sources */,
				A8512127281AC485004E573F /* MapViewController.swift in Sources */,
				A8FF17072818B7D4005EA43D /* CategoryCollectionViewCell.swift in Sources */,
				A8D53F972809A9290007BF1D /* UserModel.swift in Sources */,
				A81BF6B3280B6F55004480DD /* constants.swift in Sources */,
				A8D896232812EFEF0072D94F /* ResetPasswordViewController.swift in Sources */,
				A8ABEB7B281DF2770097913F /* HSUnderLineTextField.swift in Sources */,
				23E860E32804E98D00F27BA9 /* QrViewController.swift in Sources */,
				8852B45B27FE45F200CF2BFF /* SceneDelegate.swift in Sources */,
				A8FF17032818B687005EA43D /* AccueilViewModel.swift in Sources */,
				A81BF6B6280B7089004480DD /* ApiManager.swift in Sources */,
				23AAC28D280385F500726C67 /* String+Extension.swift in Sources */,
				A8FF17052818B6A7005EA43D /* RatingViewModel.swift in Sources */,
				A87F6224281829C400A71E75 /* CircularTransition.swift in Sources */,
				23E860E52804F66400F27BA9 /* WebViewController.swift in Sources */,
				23AAC2A328039A2300726C67 /* CardView.swift in Sources */,
				A875EA982818BEFC00677685 /* DetailRestauViewController.swift in Sources */,
				A8F11D7D2817C0B200E35197 /* responseModel.swift in Sources */,
				44B3BB3427FECF9D00EBB959 /* ForgotPwdViewController.swift in Sources */,
			);
			runOnlyForDeploymentPostprocessing = 0;
		};
/* End PBXSourcesBuildPhase section */

/* Begin PBXVariantGroup section */
		8852B45E27FE45F200CF2BFF /* Main.storyboard */ = {
			isa = PBXVariantGroup;
			children = (
				8852B45F27FE45F200CF2BFF /* Base */,
			);
			name = Main.storyboard;
			sourceTree = "<group>";
		};
		8852B46627FE45F500CF2BFF /* LaunchScreen.storyboard */ = {
			isa = PBXVariantGroup;
			children = (
				8852B46727FE45F500CF2BFF /* Base */,
			);
			name = LaunchScreen.storyboard;
			sourceTree = "<group>";
		};
/* End PBXVariantGroup section */

/* Begin XCBuildConfiguration section */
		8852B46A27FE45F500CF2BFF /* Debug */ = {
			isa = XCBuildConfiguration;
			buildSettings = {
				ALWAYS_SEARCH_USER_PATHS = NO;
				CLANG_ANALYZER_NONNULL = YES;
				CLANG_ANALYZER_NUMBER_OBJECT_CONVERSION = YES_AGGRESSIVE;
				CLANG_CXX_LANGUAGE_STANDARD = "gnu++17";
				CLANG_CXX_LIBRARY = "libc++";
				CLANG_ENABLE_MODULES = YES;
				CLANG_ENABLE_OBJC_ARC = YES;
				CLANG_ENABLE_OBJC_WEAK = YES;
				CLANG_WARN_BLOCK_CAPTURE_AUTORELEASING = YES;
				CLANG_WARN_BOOL_CONVERSION = YES;
				CLANG_WARN_COMMA = YES;
				CLANG_WARN_CONSTANT_CONVERSION = YES;
				CLANG_WARN_DEPRECATED_OBJC_IMPLEMENTATIONS = YES;
				CLANG_WARN_DIRECT_OBJC_ISA_USAGE = YES_ERROR;
				CLANG_WARN_DOCUMENTATION_COMMENTS = YES;
				CLANG_WARN_EMPTY_BODY = YES;
				CLANG_WARN_ENUM_CONVERSION = YES;
				CLANG_WARN_INFINITE_RECURSION = YES;
				CLANG_WARN_INT_CONVERSION = YES;
				CLANG_WARN_NON_LITERAL_NULL_CONVERSION = YES;
				CLANG_WARN_OBJC_IMPLICIT_RETAIN_SELF = YES;
				CLANG_WARN_OBJC_LITERAL_CONVERSION = YES;
				CLANG_WARN_OBJC_ROOT_CLASS = YES_ERROR;
				CLANG_WARN_QUOTED_INCLUDE_IN_FRAMEWORK_HEADER = YES;
				CLANG_WARN_RANGE_LOOP_ANALYSIS = YES;
				CLANG_WARN_STRICT_PROTOTYPES = YES;
				CLANG_WARN_SUSPICIOUS_MOVE = YES;
				CLANG_WARN_UNGUARDED_AVAILABILITY = YES_AGGRESSIVE;
				CLANG_WARN_UNREACHABLE_CODE = YES;
				CLANG_WARN__DUPLICATE_METHOD_MATCH = YES;
				COPY_PHASE_STRIP = NO;
				DEBUG_INFORMATION_FORMAT = dwarf;
				ENABLE_STRICT_OBJC_MSGSEND = YES;
				ENABLE_TESTABILITY = YES;
				GCC_C_LANGUAGE_STANDARD = gnu11;
				GCC_DYNAMIC_NO_PIC = NO;
				GCC_NO_COMMON_BLOCKS = YES;
				GCC_OPTIMIZATION_LEVEL = 0;
				GCC_PREPROCESSOR_DEFINITIONS = (
					"DEBUG=1",
					"$(inherited)",
				);
				GCC_WARN_64_TO_32_BIT_CONVERSION = YES;
				GCC_WARN_ABOUT_RETURN_TYPE = YES_ERROR;
				GCC_WARN_UNDECLARED_SELECTOR = YES;
				GCC_WARN_UNINITIALIZED_AUTOS = YES_AGGRESSIVE;
				GCC_WARN_UNUSED_FUNCTION = YES;
				GCC_WARN_UNUSED_VARIABLE = YES;
				IPHONEOS_DEPLOYMENT_TARGET = 15.0;
				MTL_ENABLE_DEBUG_INFO = INCLUDE_SOURCE;
				MTL_FAST_MATH = YES;
				ONLY_ACTIVE_ARCH = YES;
				SDKROOT = iphoneos;
				SWIFT_ACTIVE_COMPILATION_CONDITIONS = DEBUG;
				SWIFT_OPTIMIZATION_LEVEL = "-Onone";
			};
			name = Debug;
		};
		8852B46B27FE45F500CF2BFF /* Release */ = {
			isa = XCBuildConfiguration;
			buildSettings = {
				ALWAYS_SEARCH_USER_PATHS = NO;
				CLANG_ANALYZER_NONNULL = YES;
				CLANG_ANALYZER_NUMBER_OBJECT_CONVERSION = YES_AGGRESSIVE;
				CLANG_CXX_LANGUAGE_STANDARD = "gnu++17";
				CLANG_CXX_LIBRARY = "libc++";
				CLANG_ENABLE_MODULES = YES;
				CLANG_ENABLE_OBJC_ARC = YES;
				CLANG_ENABLE_OBJC_WEAK = YES;
				CLANG_WARN_BLOCK_CAPTURE_AUTORELEASING = YES;
				CLANG_WARN_BOOL_CONVERSION = YES;
				CLANG_WARN_COMMA = YES;
				CLANG_WARN_CONSTANT_CONVERSION = YES;
				CLANG_WARN_DEPRECATED_OBJC_IMPLEMENTATIONS = YES;
				CLANG_WARN_DIRECT_OBJC_ISA_USAGE = YES_ERROR;
				CLANG_WARN_DOCUMENTATION_COMMENTS = YES;
				CLANG_WARN_EMPTY_BODY = YES;
				CLANG_WARN_ENUM_CONVERSION = YES;
				CLANG_WARN_INFINITE_RECURSION = YES;
				CLANG_WARN_INT_CONVERSION = YES;
				CLANG_WARN_NON_LITERAL_NULL_CONVERSION = YES;
				CLANG_WARN_OBJC_IMPLICIT_RETAIN_SELF = YES;
				CLANG_WARN_OBJC_LITERAL_CONVERSION = YES;
				CLANG_WARN_OBJC_ROOT_CLASS = YES_ERROR;
				CLANG_WARN_QUOTED_INCLUDE_IN_FRAMEWORK_HEADER = YES;
				CLANG_WARN_RANGE_LOOP_ANALYSIS = YES;
				CLANG_WARN_STRICT_PROTOTYPES = YES;
				CLANG_WARN_SUSPICIOUS_MOVE = YES;
				CLANG_WARN_UNGUARDED_AVAILABILITY = YES_AGGRESSIVE;
				CLANG_WARN_UNREACHABLE_CODE = YES;
				CLANG_WARN__DUPLICATE_METHOD_MATCH = YES;
				COPY_PHASE_STRIP = NO;
				DEBUG_INFORMATION_FORMAT = "dwarf-with-dsym";
				ENABLE_NS_ASSERTIONS = NO;
				ENABLE_STRICT_OBJC_MSGSEND = YES;
				GCC_C_LANGUAGE_STANDARD = gnu11;
				GCC_NO_COMMON_BLOCKS = YES;
				GCC_WARN_64_TO_32_BIT_CONVERSION = YES;
				GCC_WARN_ABOUT_RETURN_TYPE = YES_ERROR;
				GCC_WARN_UNDECLARED_SELECTOR = YES;
				GCC_WARN_UNINITIALIZED_AUTOS = YES_AGGRESSIVE;
				GCC_WARN_UNUSED_FUNCTION = YES;
				GCC_WARN_UNUSED_VARIABLE = YES;
				IPHONEOS_DEPLOYMENT_TARGET = 15.0;
				MTL_ENABLE_DEBUG_INFO = NO;
				MTL_FAST_MATH = YES;
				SDKROOT = iphoneos;
				SWIFT_COMPILATION_MODE = wholemodule;
				SWIFT_OPTIMIZATION_LEVEL = "-O";
				VALIDATE_PRODUCT = YES;
			};
			name = Release;
		};
		8852B46D27FE45F500CF2BFF /* Debug */ = {
			isa = XCBuildConfiguration;
			baseConfigurationReference = 386D7190709F14A0E14D7AFB /* Pods-miniprojet.debug.xcconfig */;
			buildSettings = {
				ASSETCATALOG_COMPILER_APPICON_NAME = AppIcon;
				ASSETCATALOG_COMPILER_GLOBAL_ACCENT_COLOR_NAME = AccentColor;
				CODE_SIGN_ENTITLEMENTS = miniprojet/miniprojet.entitlements;
				CODE_SIGN_STYLE = Automatic;
				CURRENT_PROJECT_VERSION = 1;
				DEVELOPMENT_TEAM = 9F55972V7L;
				GENERATE_INFOPLIST_FILE = YES;
				INFOPLIST_FILE = miniprojet/Info.plist;
				INFOPLIST_KEY_CFBundleDisplayName = Iyum;
				INFOPLIST_KEY_UIApplicationSupportsIndirectInputEvents = YES;
				INFOPLIST_KEY_UILaunchStoryboardName = LaunchScreen;
				INFOPLIST_KEY_UIMainStoryboardFile = Main;
				INFOPLIST_KEY_UISupportedInterfaceOrientations_iPad = "UIInterfaceOrientationPortrait UIInterfaceOrientationPortraitUpsideDown UIInterfaceOrientationLandscapeLeft UIInterfaceOrientationLandscapeRight";
				INFOPLIST_KEY_UISupportedInterfaceOrientations_iPhone = "UIInterfaceOrientationPortrait UIInterfaceOrientationLandscapeLeft UIInterfaceOrientationLandscapeRight";
				LD_RUNPATH_SEARCH_PATHS = (
					"$(inherited)",
					"@executable_path/Frameworks",
				);
				MARKETING_VERSION = 1.0;
				PRODUCT_BUNDLE_IDENTIFIER = esprit.tn.miniprojetIyum;
				PRODUCT_NAME = "$(TARGET_NAME)";
				SWIFT_EMIT_LOC_STRINGS = YES;
				SWIFT_VERSION = 5.0;
				TARGETED_DEVICE_FAMILY = "1,2";
			};
			name = Debug;
		};
		8852B46E27FE45F500CF2BFF /* Release */ = {
			isa = XCBuildConfiguration;
			baseConfigurationReference = 32B4F51A8983D35224564373 /* Pods-miniprojet.release.xcconfig */;
			buildSettings = {
				ASSETCATALOG_COMPILER_APPICON_NAME = AppIcon;
				ASSETCATALOG_COMPILER_GLOBAL_ACCENT_COLOR_NAME = AccentColor;
				CODE_SIGN_ENTITLEMENTS = miniprojet/miniprojetRelease.entitlements;
				CODE_SIGN_STYLE = Automatic;
				CURRENT_PROJECT_VERSION = 1;
				DEVELOPMENT_TEAM = 9F55972V7L;
				GENERATE_INFOPLIST_FILE = YES;
				INFOPLIST_FILE = miniprojet/Info.plist;
				INFOPLIST_KEY_CFBundleDisplayName = Iyum;
				INFOPLIST_KEY_UIApplicationSupportsIndirectInputEvents = YES;
				INFOPLIST_KEY_UILaunchStoryboardName = LaunchScreen;
				INFOPLIST_KEY_UIMainStoryboardFile = Main;
				INFOPLIST_KEY_UISupportedInterfaceOrientations_iPad = "UIInterfaceOrientationPortrait UIInterfaceOrientationPortraitUpsideDown UIInterfaceOrientationLandscapeLeft UIInterfaceOrientationLandscapeRight";
				INFOPLIST_KEY_UISupportedInterfaceOrientations_iPhone = "UIInterfaceOrientationPortrait UIInterfaceOrientationLandscapeLeft UIInterfaceOrientationLandscapeRight";
				LD_RUNPATH_SEARCH_PATHS = (
					"$(inherited)",
					"@executable_path/Frameworks",
				);
				MARKETING_VERSION = 1.0;
				PRODUCT_BUNDLE_IDENTIFIER = esprit.tn.miniprojetIyum;
				PRODUCT_NAME = "$(TARGET_NAME)";
				SWIFT_EMIT_LOC_STRINGS = YES;
				SWIFT_VERSION = 5.0;
				TARGETED_DEVICE_FAMILY = "1,2";
			};
			name = Release;
		};
/* End XCBuildConfiguration section */

/* Begin XCConfigurationList section */
		8852B45027FE45F100CF2BFF /* Build configuration list for PBXProject "miniprojet" */ = {
			isa = XCConfigurationList;
			buildConfigurations = (
				8852B46A27FE45F500CF2BFF /* Debug */,
				8852B46B27FE45F500CF2BFF /* Release */,
			);
			defaultConfigurationIsVisible = 0;
			defaultConfigurationName = Release;
		};
		8852B46C27FE45F500CF2BFF /* Build configuration list for PBXNativeTarget "miniprojet" */ = {
			isa = XCConfigurationList;
			buildConfigurations = (
				8852B46D27FE45F500CF2BFF /* Debug */,
				8852B46E27FE45F500CF2BFF /* Release */,
			);
			defaultConfigurationIsVisible = 0;
			defaultConfigurationName = Release;
		};
/* End XCConfigurationList section */

/* Begin XCVersionGroup section */
		8852B46127FE45F200CF2BFF /* miniprojet.xcdatamodeld */ = {
			isa = XCVersionGroup;
			children = (
				8852B46227FE45F200CF2BFF /* miniprojet.xcdatamodel */,
			);
			currentVersion = 8852B46227FE45F200CF2BFF /* miniprojet.xcdatamodel */;
			path = miniprojet.xcdatamodeld;
			sourceTree = "<group>";
			versionGroupType = wrapper.xcdatamodel;
		};
/* End XCVersionGroup section */
	};
	rootObject = 8852B44D27FE45F100CF2BFF /* Project object */;
}
